{
  "meteor": {},
  "dependencies": {
    "basePackages": {
      "highcharts": {},
      "iron-router": {},
      "assert": {},
      "moment": {},
      "node-csv-npm": {},
      "meteor-errors": {},
      "errors": {},
      "typeahead": {},
      "jquery-csv": {},
      "iron-router-progress": {},
      "houston": {},
      "jquery-datatables": {},
      "foundation": {}
    },
    "packages": {
      "highcharts": {
        "git": "https://github.com/mikeschaekermann/meteor-highcharts.git",
        "tag": "v0.1.0",
        "commit": "eca115ee55e1cc083e389171717760dbaa727534"
      },
      "iron-router": {
        "git": "https://github.com/EventedMind/iron-router.git",
        "tag": "v0.7.1",
        "commit": "d1ffb3f06ea4c112132b030f2eb1a70b81675ecb"
      },
      "assert": {
        "git": "https://github.com/peerlibrary/meteor-assert.git",
        "tag": "v0.2.3",
        "commit": "9c838fbf5053a9f4c9ea21cad8e2fef8f1374e7c"
      },
      "moment": {
        "git": "https://github.com/acreeger/meteor-moment.git",
        "tag": "v2.6.0",
        "commit": "26156df681750fd6e6ed77043eef32b6653ebbdf"
      },
      "node-csv-npm": {
        "git": "https://github.com/Dsyko/meteor-node-csv.git",
        "tag": "v0.3.6",
        "commit": "01be0e3e834a4f033121cb3fcc92c2697741170d"
      },
      "meteor-errors": {
        "git": "https://github.com/tmeasday/meteor-errors.git",
        "tag": "v0.1.0",
        "commit": "b91859cd98d69f5b294d7d7a2724427872103da8"
      },
      "errors": {
        "git": "https://github.com/tmeasday/meteor-errors.git",
        "tag": "v0.2.1",
        "commit": "f2af03510a9e3d9952601f5f091aa76bfbcbf224"
      },
      "typeahead": {
        "git": "https://github.com/sergeyt/meteor-typeahead.git",
        "tag": "v0.0.8",
        "commit": "3e83afe7bd3ba47a801cb7fec2bff4678aefd5dc"
      },
      "jquery-csv": {
        "git": "https://github.com/donskifarrell/meteor-jquery-csv.git",
        "tag": "v0.7.1",
        "commit": "7a7d868dd85da5d64dc4a174a3e5d5e2bbf90c03"
      },
      "iron-router-progress": {
        "git": "https://github.com/Multiply/iron-router-progress.git",
        "tag": "v0.3.1",
        "commit": "3f7900feb4bb70a1289b39a1fdcd1f438c0335b3"
      },
      "houston": {
        "git": "https://github.com/gterrono/houston.git",
        "tag": "v1.0.4",
        "commit": "e76bda40587ac80ce51ee417047be8272664625c"
      },
      "jquery-datatables": {
        "git": "https://github.com/lumapictures/meteor-jquery-datatables",
        "tag": "v0.1.24",
        "commit": "b9855a029825843fb82aeaebc9c8f6a49dfc019f"
      },
      "foundation": {
        "git": "https://github.com/ewall/meteor-foundation.git",
        "tag": "v4.3.2",
        "commit": "4cd0dc6ac5c69bf7477917a836d9078262d273a0"
      },
      "blaze-layout": {
        "git": "https://github.com/EventedMind/blaze-layout.git",
        "tag": "v0.2.4",
        "commit": "b40e9b0612329288d75cf52ad14a7da64bb8618f"
      },
      "paginated-subscription": {
        "git": "https://github.com/tmeasday/meteor-paginated-subscription.git",
        "tag": "v0.2.1",
        "commit": "f44d171badcc2e6f87c752580be16c955cdb3bb8"
      },
      "spin": {
        "git": "https://github.com/SachaG/meteor-spin.git",
        "tag": "v0.2.2",
        "commit": "3f655f0016228e4195acc784c45d3e3a247dc39f"
      }
    }
  }
}
