{
  "meteor": {},
  "dependencies": {
    "basePackages": {
      "iron-router": {},
      "assert": {},
      "moment": {},
      "node-csv-npm": {},
      "typeahead": {},
      "jquery-csv": {},
      "iron-router-progress": {},
      "houston": {},
      "jquery-datatables": {},
      "iron-router-active": {},
      "accounts-entry": {}
    },
    "packages": {
      "iron-router": {
        "git": "https://github.com/EventedMind/iron-router.git",
        "tag": "v0.7.1",
        "commit": "d1ffb3f06ea4c112132b030f2eb1a70b81675ecb"
      },
      "assert": {
        "git": "https://github.com/peerlibrary/meteor-assert.git",
        "tag": "v0.2.3",
        "commit": "9c838fbf5053a9f4c9ea21cad8e2fef8f1374e7c"
      },
      "moment": {
        "git": "https://github.com/acreeger/meteor-moment.git",
        "tag": "v2.6.0",
        "commit": "26156df681750fd6e6ed77043eef32b6653ebbdf"
      },
      "node-csv-npm": {
        "git": "https://github.com/Dsyko/meteor-node-csv.git",
        "tag": "v0.3.6",
        "commit": "01be0e3e834a4f033121cb3fcc92c2697741170d"
      },
      "typeahead": {
        "git": "https://github.com/sergeyt/meteor-typeahead.git",
        "tag": "v0.0.10",
        "commit": "fe0bb03aea8493037de134d815f9663feb21a944"
      },
      "jquery-csv": {
        "git": "https://github.com/donskifarrell/meteor-jquery-csv.git",
        "tag": "v0.7.1",
        "commit": "7a7d868dd85da5d64dc4a174a3e5d5e2bbf90c03"
      },
      "iron-router-progress": {
        "git": "https://github.com/Multiply/iron-router-progress.git",
        "tag": "v0.4.1",
        "commit": "496fcda9a6ec352b4733725f60c6f280250c3541"
      },
      "houston": {
        "git": "https://github.com/gterrono/houston.git",
        "tag": "v1.0.6",
        "commit": "49765acf835385de6de6160b0c86514d5af09395"
      },
      "jquery-datatables": {
        "git": "https://github.com/lumapictures/meteor-jquery-datatables",
        "tag": "v1.0.5",
        "commit": "fe4fb3178386f88eeac9139b7680646b320e321d"
      },
      "iron-router-active": {
        "git": "https://github.com/XpressiveCode/iron-router-active.git",
        "tag": "v0.2.0",
        "commit": "1b05aad5325c3dfdb5186b9c288aa53013d767b8"
      },
      "accounts-entry": {
        "git": "https://github.com/Differential/accounts-entry.git",
        "tag": "v0.7.3",
        "commit": "7facaa045d3720eeeba3420c28e48d5709188fe3"
      },
      "blaze-layout": {
        "git": "https://github.com/EventedMind/blaze-layout.git",
        "tag": "v0.2.4",
        "commit": "b40e9b0612329288d75cf52ad14a7da64bb8618f"
      },
      "paginated-subscription": {
        "git": "https://github.com/tmeasday/meteor-paginated-subscription.git",
        "tag": "v0.2.2",
        "commit": "2133a2163575f569f90253f81314f21b2bf08d20"
      },
      "spin": {
        "git": "https://github.com/SachaG/meteor-spin.git",
        "tag": "v0.2.2",
        "commit": "3f655f0016228e4195acc784c45d3e3a247dc39f"
      },
      "luma-component": {
        "git": "https://github.com/LumaPictures/meteor-luma-component",
        "tag": "v1.0.5",
        "commit": "9d567068048e9ca82699b096e78c3f7ec76c0fa4"
      },
      "accounts-t9n": {
        "git": "https://github.com/softwarerero/meteor-accounts-t9n.git",
        "tag": "v0.0.5",
        "commit": "ad9539a8818049d5d9fa050d8b2a1f62706483b1"
      }
    }
  }
}
