{
  "meteor": {},
  "dependencies": {
    "basePackages": {
      "highcharts": {},
      "iron-router": {},
      "assert": {},
      "moment": {},
      "node-csv-npm": {},
      "meteor-errors": {},
      "errors": {},
      "typeahead": {}
    },
    "packages": {
      "highcharts": {
        "git": "https://github.com/mikeschaekermann/meteor-highcharts.git",
        "tag": "v0.1.0",
        "commit": "eca115ee55e1cc083e389171717760dbaa727534"
      },
      "iron-router": {
        "git": "https://github.com/EventedMind/iron-router.git",
        "tag": "v0.7.1",
        "commit": "d1ffb3f06ea4c112132b030f2eb1a70b81675ecb"
      },
      "assert": {
        "git": "https://github.com/peerlibrary/meteor-assert.git",
        "tag": "v0.2.3",
        "commit": "9c838fbf5053a9f4c9ea21cad8e2fef8f1374e7c"
      },
      "moment": {
        "git": "https://github.com/acreeger/meteor-moment.git",
        "tag": "v2.6.0",
        "commit": "26156df681750fd6e6ed77043eef32b6653ebbdf"
      },
      "node-csv-npm": {
        "git": "https://github.com/Dsyko/meteor-node-csv.git",
        "tag": "v0.3.6",
        "commit": "01be0e3e834a4f033121cb3fcc92c2697741170d"
      },
      "meteor-errors": {
        "git": "https://github.com/tmeasday/meteor-errors.git",
        "tag": "v0.1.0",
        "commit": "b91859cd98d69f5b294d7d7a2724427872103da8"
      },
      "errors": {
        "git": "https://github.com/tmeasday/meteor-errors.git",
        "tag": "v0.2.1",
        "commit": "f2af03510a9e3d9952601f5f091aa76bfbcbf224"
      },
      "typeahead": {
        "git": "https://github.com/sergeyt/meteor-typeahead.git",
        "tag": "v0.0.7",
        "commit": "23ddb660cf7430c76b37b0dc08ec73001624428d"
      },
      "blaze-layout": {
        "git": "https://github.com/EventedMind/blaze-layout.git",
        "tag": "v0.2.4",
        "commit": "b40e9b0612329288d75cf52ad14a7da64bb8618f"
      },
      "jquery-migrate": {
        "git": "https://github.com/canadaduane/meteor-jquery-migrate.git",
        "tag": "v2.0.0",
        "commit": "636819c9de59f66410e148867b229869bb045cea"
      }
    }
  }
}
